// !$*UTF8*$!
{
	archiveVersion = 1;
	classes = {
	};
	objectVersion = 46;
	objects = {

/* Begin PBXBuildFile section */
		6F4E494A1B7A7CDA00ED8ACD /* AppDelegate.swift in Sources */ = {isa = PBXBuildFile; fileRef = 6F4E49491B7A7CDA00ED8ACD /* AppDelegate.swift */; };
		6F4E494C1B7A7CDA00ED8ACD /* ViewController.swift in Sources */ = {isa = PBXBuildFile; fileRef = 6F4E494B1B7A7CDA00ED8ACD /* ViewController.swift */; };
		6F4E494F1B7A7CDA00ED8ACD /* Main.storyboard in Resources */ = {isa = PBXBuildFile; fileRef = 6F4E494D1B7A7CDA00ED8ACD /* Main.storyboard */; };
		6F4E49521B7A7CDA00ED8ACD /* DNApp.xcdatamodeld in Sources */ = {isa = PBXBuildFile; fileRef = 6F4E49501B7A7CDA00ED8ACD /* DNApp.xcdatamodeld */; };
		6F4E49541B7A7CDA00ED8ACD /* Assets.xcassets in Resources */ = {isa = PBXBuildFile; fileRef = 6F4E49531B7A7CDA00ED8ACD /* Assets.xcassets */; };
		6F4E49571B7A7CDA00ED8ACD /* LaunchScreen.storyboard in Resources */ = {isa = PBXBuildFile; fileRef = 6F4E49551B7A7CDA00ED8ACD /* LaunchScreen.storyboard */; };
		6F4E49621B7A7CDA00ED8ACD /* DNAppTests.swift in Sources */ = {isa = PBXBuildFile; fileRef = 6F4E49611B7A7CDA00ED8ACD /* DNAppTests.swift */; };
		6F4E496D1B7A7CDA00ED8ACD /* DNAppUITests.swift in Sources */ = {isa = PBXBuildFile; fileRef = 6F4E496C1B7A7CDA00ED8ACD /* DNAppUITests.swift */; };
		6F8AC40B1B7FC2F0004D345F /* LoginViewController.swift in Sources */ = {isa = PBXBuildFile; fileRef = 6F8AC40A1B7FC2F0004D345F /* LoginViewController.swift */; };
		6F8B28551B809F16009E5D12 /* LearnViewController.swift in Sources */ = {isa = PBXBuildFile; fileRef = 6F8B28541B809F16009E5D12 /* LearnViewController.swift */; };
		6FAF884B1B7BC6DD00244D76 /* AsyncButton.swift in Sources */ = {isa = PBXBuildFile; fileRef = 6FAF882D1B7BC6DC00244D76 /* AsyncButton.swift */; };
		6FAF884C1B7BC6DD00244D76 /* AsyncImageView.swift in Sources */ = {isa = PBXBuildFile; fileRef = 6FAF882E1B7BC6DC00244D76 /* AsyncImageView.swift */; };
		6FAF884D1B7BC6DD00244D76 /* AutoTextView.swift in Sources */ = {isa = PBXBuildFile; fileRef = 6FAF882F1B7BC6DC00244D76 /* AutoTextView.swift */; };
		6FAF884E1B7BC6DD00244D76 /* BlurView.swift in Sources */ = {isa = PBXBuildFile; fileRef = 6FAF88301B7BC6DC00244D76 /* BlurView.swift */; };
		6FAF884F1B7BC6DD00244D76 /* DesignableButton.swift in Sources */ = {isa = PBXBuildFile; fileRef = 6FAF88311B7BC6DC00244D76 /* DesignableButton.swift */; };
		6FAF88501B7BC6DD00244D76 /* DesignableImageView.swift in Sources */ = {isa = PBXBuildFile; fileRef = 6FAF88321B7BC6DC00244D76 /* DesignableImageView.swift */; };
		6FAF88511B7BC6DD00244D76 /* DesignableLabel.swift in Sources */ = {isa = PBXBuildFile; fileRef = 6FAF88331B7BC6DC00244D76 /* DesignableLabel.swift */; };
		6FAF88521B7BC6DD00244D76 /* DesignableTabBarController.swift in Sources */ = {isa = PBXBuildFile; fileRef = 6FAF88341B7BC6DC00244D76 /* DesignableTabBarController.swift */; };
		6FAF88531B7BC6DD00244D76 /* DesignableTextField.swift in Sources */ = {isa = PBXBuildFile; fileRef = 6FAF88351B7BC6DC00244D76 /* DesignableTextField.swift */; };
		6FAF88541B7BC6DD00244D76 /* DesignableTextView.swift in Sources */ = {isa = PBXBuildFile; fileRef = 6FAF88361B7BC6DC00244D76 /* DesignableTextView.swift */; };
		6FAF88551B7BC6DD00244D76 /* DesignableView.swift in Sources */ = {isa = PBXBuildFile; fileRef = 6FAF88371B7BC6DC00244D76 /* DesignableView.swift */; };
		6FAF88561B7BC6DD00244D76 /* ImageLoader.swift in Sources */ = {isa = PBXBuildFile; fileRef = 6FAF88381B7BC6DC00244D76 /* ImageLoader.swift */; };
		6FAF88571B7BC6DD00244D76 /* Info.plist in Resources */ = {isa = PBXBuildFile; fileRef = 6FAF88391B7BC6DD00244D76 /* Info.plist */; };
		6FAF88581B7BC6DD00244D76 /* KeyboardLayoutConstraint.swift in Sources */ = {isa = PBXBuildFile; fileRef = 6FAF883A1B7BC6DD00244D76 /* KeyboardLayoutConstraint.swift */; };
		6FAF88591B7BC6DD00244D76 /* LoadingView.swift in Sources */ = {isa = PBXBuildFile; fileRef = 6FAF883B1B7BC6DD00244D76 /* LoadingView.swift */; };
		6FAF885A1B7BC6DD00244D76 /* LoadingView.xib in Resources */ = {isa = PBXBuildFile; fileRef = 6FAF883C1B7BC6DD00244D76 /* LoadingView.xib */; };
		6FAF885B1B7BC6DD00244D76 /* Misc.swift in Sources */ = {isa = PBXBuildFile; fileRef = 6FAF883D1B7BC6DD00244D76 /* Misc.swift */; };
		6FAF885C1B7BC6DD00244D76 /* SoundPlayer.swift in Sources */ = {isa = PBXBuildFile; fileRef = 6FAF883E1B7BC6DD00244D76 /* SoundPlayer.swift */; };
		6FAF885D1B7BC6DD00244D76 /* Spring.swift in Sources */ = {isa = PBXBuildFile; fileRef = 6FAF88401B7BC6DD00244D76 /* Spring.swift */; };
		6FAF885E1B7BC6DD00244D76 /* SpringAnimation.swift in Sources */ = {isa = PBXBuildFile; fileRef = 6FAF88411B7BC6DD00244D76 /* SpringAnimation.swift */; };
		6FAF885F1B7BC6DD00244D76 /* SpringButton.swift in Sources */ = {isa = PBXBuildFile; fileRef = 6FAF88421B7BC6DD00244D76 /* SpringButton.swift */; };
		6FAF88601B7BC6DD00244D76 /* SpringImageView.swift in Sources */ = {isa = PBXBuildFile; fileRef = 6FAF88431B7BC6DD00244D76 /* SpringImageView.swift */; };
		6FAF88611B7BC6DD00244D76 /* SpringLabel.swift in Sources */ = {isa = PBXBuildFile; fileRef = 6FAF88441B7BC6DD00244D76 /* SpringLabel.swift */; };
		6FAF88621B7BC6DD00244D76 /* SpringTextField.swift in Sources */ = {isa = PBXBuildFile; fileRef = 6FAF88451B7BC6DD00244D76 /* SpringTextField.swift */; };
		6FAF88631B7BC6DD00244D76 /* SpringTextView.swift in Sources */ = {isa = PBXBuildFile; fileRef = 6FAF88461B7BC6DD00244D76 /* SpringTextView.swift */; };
		6FAF88641B7BC6DD00244D76 /* SpringView.swift in Sources */ = {isa = PBXBuildFile; fileRef = 6FAF88471B7BC6DD00244D76 /* SpringView.swift */; };
		6FAF88651B7BC6DD00244D76 /* TransitionManager.swift in Sources */ = {isa = PBXBuildFile; fileRef = 6FAF88481B7BC6DD00244D76 /* TransitionManager.swift */; };
		6FAF88661B7BC6DD00244D76 /* TransitionZoom.swift in Sources */ = {isa = PBXBuildFile; fileRef = 6FAF88491B7BC6DD00244D76 /* TransitionZoom.swift */; };
		6FAF88671B7BC6DD00244D76 /* UnwindSegue.swift in Sources */ = {isa = PBXBuildFile; fileRef = 6FAF884A1B7BC6DD00244D76 /* UnwindSegue.swift */; };
/* End PBXBuildFile section */

/* Begin PBXContainerItemProxy section */
		6F4E495E1B7A7CDA00ED8ACD /* PBXContainerItemProxy */ = {
			isa = PBXContainerItemProxy;
			containerPortal = 6F4E493E1B7A7CDA00ED8ACD /* Project object */;
			proxyType = 1;
			remoteGlobalIDString = 6F4E49451B7A7CDA00ED8ACD;
			remoteInfo = DNApp;
		};
		6F4E49691B7A7CDA00ED8ACD /* PBXContainerItemProxy */ = {
			isa = PBXContainerItemProxy;
			containerPortal = 6F4E493E1B7A7CDA00ED8ACD /* Project object */;
			proxyType = 1;
			remoteGlobalIDString = 6F4E49451B7A7CDA00ED8ACD;
			remoteInfo = DNApp;
		};
/* End PBXContainerItemProxy section */

/* Begin PBXFileReference section */
		6F4E49461B7A7CDA00ED8ACD /* DNApp.app */ = {isa = PBXFileReference; explicitFileType = wrapper.application; includeInIndex = 0; path = DNApp.app; sourceTree = BUILT_PRODUCTS_DIR; };
		6F4E49491B7A7CDA00ED8ACD /* AppDelegate.swift */ = {isa = PBXFileReference; lastKnownFileType = sourcecode.swift; path = AppDelegate.swift; sourceTree = "<group>"; };
		6F4E494B1B7A7CDA00ED8ACD /* ViewController.swift */ = {isa = PBXFileReference; lastKnownFileType = sourcecode.swift; path = ViewController.swift; sourceTree = "<group>"; };
		6F4E494E1B7A7CDA00ED8ACD /* Base */ = {isa = PBXFileReference; lastKnownFileType = file.storyboard; name = Base; path = Base.lproj/Main.storyboard; sourceTree = "<group>"; };
		6F4E49511B7A7CDA00ED8ACD /* DNApp.xcdatamodel */ = {isa = PBXFileReference; lastKnownFileType = wrapper.xcdatamodel; path = DNApp.xcdatamodel; sourceTree = "<group>"; };
		6F4E49531B7A7CDA00ED8ACD /* Assets.xcassets */ = {isa = PBXFileReference; lastKnownFileType = folder.assetcatalog; path = Assets.xcassets; sourceTree = "<group>"; };
		6F4E49561B7A7CDA00ED8ACD /* Base */ = {isa = PBXFileReference; lastKnownFileType = file.storyboard; name = Base; path = Base.lproj/LaunchScreen.storyboard; sourceTree = "<group>"; };
		6F4E49581B7A7CDA00ED8ACD /* Info.plist */ = {isa = PBXFileReference; lastKnownFileType = text.plist.xml; path = Info.plist; sourceTree = "<group>"; };
		6F4E495D1B7A7CDA00ED8ACD /* DNAppTests.xctest */ = {isa = PBXFileReference; explicitFileType = wrapper.cfbundle; includeInIndex = 0; path = DNAppTests.xctest; sourceTree = BUILT_PRODUCTS_DIR; };
		6F4E49611B7A7CDA00ED8ACD /* DNAppTests.swift */ = {isa = PBXFileReference; lastKnownFileType = sourcecode.swift; path = DNAppTests.swift; sourceTree = "<group>"; };
		6F4E49631B7A7CDA00ED8ACD /* Info.plist */ = {isa = PBXFileReference; lastKnownFileType = text.plist.xml; path = Info.plist; sourceTree = "<group>"; };
		6F4E49681B7A7CDA00ED8ACD /* DNAppUITests.xctest */ = {isa = PBXFileReference; explicitFileType = wrapper.cfbundle; includeInIndex = 0; path = DNAppUITests.xctest; sourceTree = BUILT_PRODUCTS_DIR; };
		6F4E496C1B7A7CDA00ED8ACD /* DNAppUITests.swift */ = {isa = PBXFileReference; lastKnownFileType = sourcecode.swift; path = DNAppUITests.swift; sourceTree = "<group>"; };
		6F4E496E1B7A7CDA00ED8ACD /* Info.plist */ = {isa = PBXFileReference; lastKnownFileType = text.plist.xml; path = Info.plist; sourceTree = "<group>"; };
		6F8AC40A1B7FC2F0004D345F /* LoginViewController.swift */ = {isa = PBXFileReference; fileEncoding = 4; lastKnownFileType = sourcecode.swift; path = LoginViewController.swift; sourceTree = "<group>"; };
		6F8B28541B809F16009E5D12 /* LearnViewController.swift */ = {isa = PBXFileReference; fileEncoding = 4; lastKnownFileType = sourcecode.swift; path = LearnViewController.swift; sourceTree = "<group>"; };
		6FAF882D1B7BC6DC00244D76 /* AsyncButton.swift */ = {isa = PBXFileReference; fileEncoding = 4; lastKnownFileType = sourcecode.swift; path = AsyncButton.swift; sourceTree = "<group>"; };
		6FAF882E1B7BC6DC00244D76 /* AsyncImageView.swift */ = {isa = PBXFileReference; fileEncoding = 4; lastKnownFileType = sourcecode.swift; path = AsyncImageView.swift; sourceTree = "<group>"; };
		6FAF882F1B7BC6DC00244D76 /* AutoTextView.swift */ = {isa = PBXFileReference; fileEncoding = 4; lastKnownFileType = sourcecode.swift; path = AutoTextView.swift; sourceTree = "<group>"; };
		6FAF88301B7BC6DC00244D76 /* BlurView.swift */ = {isa = PBXFileReference; fileEncoding = 4; lastKnownFileType = sourcecode.swift; path = BlurView.swift; sourceTree = "<group>"; };
		6FAF88311B7BC6DC00244D76 /* DesignableButton.swift */ = {isa = PBXFileReference; fileEncoding = 4; lastKnownFileType = sourcecode.swift; path = DesignableButton.swift; sourceTree = "<group>"; };
		6FAF88321B7BC6DC00244D76 /* DesignableImageView.swift */ = {isa = PBXFileReference; fileEncoding = 4; lastKnownFileType = sourcecode.swift; path = DesignableImageView.swift; sourceTree = "<group>"; };
		6FAF88331B7BC6DC00244D76 /* DesignableLabel.swift */ = {isa = PBXFileReference; fileEncoding = 4; lastKnownFileType = sourcecode.swift; path = DesignableLabel.swift; sourceTree = "<group>"; };
		6FAF88341B7BC6DC00244D76 /* DesignableTabBarController.swift */ = {isa = PBXFileReference; fileEncoding = 4; lastKnownFileType = sourcecode.swift; path = DesignableTabBarController.swift; sourceTree = "<group>"; };
		6FAF88351B7BC6DC00244D76 /* DesignableTextField.swift */ = {isa = PBXFileReference; fileEncoding = 4; lastKnownFileType = sourcecode.swift; path = DesignableTextField.swift; sourceTree = "<group>"; };
		6FAF88361B7BC6DC00244D76 /* DesignableTextView.swift */ = {isa = PBXFileReference; fileEncoding = 4; lastKnownFileType = sourcecode.swift; path = DesignableTextView.swift; sourceTree = "<group>"; };
		6FAF88371B7BC6DC00244D76 /* DesignableView.swift */ = {isa = PBXFileReference; fileEncoding = 4; lastKnownFileType = sourcecode.swift; path = DesignableView.swift; sourceTree = "<group>"; };
		6FAF88381B7BC6DC00244D76 /* ImageLoader.swift */ = {isa = PBXFileReference; fileEncoding = 4; lastKnownFileType = sourcecode.swift; path = ImageLoader.swift; sourceTree = "<group>"; };
		6FAF88391B7BC6DD00244D76 /* Info.plist */ = {isa = PBXFileReference; fileEncoding = 4; lastKnownFileType = text.plist.xml; path = Info.plist; sourceTree = "<group>"; };
		6FAF883A1B7BC6DD00244D76 /* KeyboardLayoutConstraint.swift */ = {isa = PBXFileReference; fileEncoding = 4; lastKnownFileType = sourcecode.swift; path = KeyboardLayoutConstraint.swift; sourceTree = "<group>"; };
		6FAF883B1B7BC6DD00244D76 /* LoadingView.swift */ = {isa = PBXFileReference; fileEncoding = 4; lastKnownFileType = sourcecode.swift; path = LoadingView.swift; sourceTree = "<group>"; };
		6FAF883C1B7BC6DD00244D76 /* LoadingView.xib */ = {isa = PBXFileReference; fileEncoding = 4; lastKnownFileType = file.xib; path = LoadingView.xib; sourceTree = "<group>"; };
		6FAF883D1B7BC6DD00244D76 /* Misc.swift */ = {isa = PBXFileReference; fileEncoding = 4; lastKnownFileType = sourcecode.swift; path = Misc.swift; sourceTree = "<group>"; };
		6FAF883E1B7BC6DD00244D76 /* SoundPlayer.swift */ = {isa = PBXFileReference; fileEncoding = 4; lastKnownFileType = sourcecode.swift; path = SoundPlayer.swift; sourceTree = "<group>"; };
		6FAF883F1B7BC6DD00244D76 /* Spring.h */ = {isa = PBXFileReference; fileEncoding = 4; lastKnownFileType = sourcecode.c.h; path = Spring.h; sourceTree = "<group>"; };
		6FAF88401B7BC6DD00244D76 /* Spring.swift */ = {isa = PBXFileReference; fileEncoding = 4; lastKnownFileType = sourcecode.swift; path = Spring.swift; sourceTree = "<group>"; };
		6FAF88411B7BC6DD00244D76 /* SpringAnimation.swift */ = {isa = PBXFileReference; fileEncoding = 4; lastKnownFileType = sourcecode.swift; path = SpringAnimation.swift; sourceTree = "<group>"; };
		6FAF88421B7BC6DD00244D76 /* SpringButton.swift */ = {isa = PBXFileReference; fileEncoding = 4; lastKnownFileType = sourcecode.swift; path = SpringButton.swift; sourceTree = "<group>"; };
		6FAF88431B7BC6DD00244D76 /* SpringImageView.swift */ = {isa = PBXFileReference; fileEncoding = 4; lastKnownFileType = sourcecode.swift; path = SpringImageView.swift; sourceTree = "<group>"; };
		6FAF88441B7BC6DD00244D76 /* SpringLabel.swift */ = {isa = PBXFileReference; fileEncoding = 4; lastKnownFileType = sourcecode.swift; path = SpringLabel.swift; sourceTree = "<group>"; };
		6FAF88451B7BC6DD00244D76 /* SpringTextField.swift */ = {isa = PBXFileReference; fileEncoding = 4; lastKnownFileType = sourcecode.swift; path = SpringTextField.swift; sourceTree = "<group>"; };
		6FAF88461B7BC6DD00244D76 /* SpringTextView.swift */ = {isa = PBXFileReference; fileEncoding = 4; lastKnownFileType = sourcecode.swift; path = SpringTextView.swift; sourceTree = "<group>"; };
		6FAF88471B7BC6DD00244D76 /* SpringView.swift */ = {isa = PBXFileReference; fileEncoding = 4; lastKnownFileType = sourcecode.swift; path = SpringView.swift; sourceTree = "<group>"; };
		6FAF88481B7BC6DD00244D76 /* TransitionManager.swift */ = {isa = PBXFileReference; fileEncoding = 4; lastKnownFileType = sourcecode.swift; path = TransitionManager.swift; sourceTree = "<group>"; };
		6FAF88491B7BC6DD00244D76 /* TransitionZoom.swift */ = {isa = PBXFileReference; fileEncoding = 4; lastKnownFileType = sourcecode.swift; path = TransitionZoom.swift; sourceTree = "<group>"; };
		6FAF884A1B7BC6DD00244D76 /* UnwindSegue.swift */ = {isa = PBXFileReference; fileEncoding = 4; lastKnownFileType = sourcecode.swift; path = UnwindSegue.swift; sourceTree = "<group>"; };
/* End PBXFileReference section */

/* Begin PBXFrameworksBuildPhase section */
		6F4E49431B7A7CDA00ED8ACD /* Frameworks */ = {
			isa = PBXFrameworksBuildPhase;
			buildActionMask = 2147483647;
			files = (
			);
			runOnlyForDeploymentPostprocessing = 0;
		};
		6F4E495A1B7A7CDA00ED8ACD /* Frameworks */ = {
			isa = PBXFrameworksBuildPhase;
			buildActionMask = 2147483647;
			files = (
			);
			runOnlyForDeploymentPostprocessing = 0;
		};
		6F4E49651B7A7CDA00ED8ACD /* Frameworks */ = {
			isa = PBXFrameworksBuildPhase;
			buildActionMask = 2147483647;
			files = (
			);
			runOnlyForDeploymentPostprocessing = 0;
		};
/* End PBXFrameworksBuildPhase section */

/* Begin PBXGroup section */
		6F4E493D1B7A7CDA00ED8ACD = {
			isa = PBXGroup;
			children = (
				6F4E49481B7A7CDA00ED8ACD /* DNApp */,
				6F4E49601B7A7CDA00ED8ACD /* DNAppTests */,
				6F4E496B1B7A7CDA00ED8ACD /* DNAppUITests */,
				6F4E49471B7A7CDA00ED8ACD /* Products */,
			);
			sourceTree = "<group>";
		};
		6F4E49471B7A7CDA00ED8ACD /* Products */ = {
			isa = PBXGroup;
			children = (
				6F4E49461B7A7CDA00ED8ACD /* DNApp.app */,
				6F4E495D1B7A7CDA00ED8ACD /* DNAppTests.xctest */,
				6F4E49681B7A7CDA00ED8ACD /* DNAppUITests.xctest */,
			);
			name = Products;
			sourceTree = "<group>";
		};
		6F4E49481B7A7CDA00ED8ACD /* DNApp */ = {
			isa = PBXGroup;
			children = (
				6F8AC4091B7FC240004D345F /* Controllers */,
				6FAF882C1B7BC6DC00244D76 /* Spring */,
				6F4E49491B7A7CDA00ED8ACD /* AppDelegate.swift */,
				6F4E494D1B7A7CDA00ED8ACD /* Main.storyboard */,
				6F4E49531B7A7CDA00ED8ACD /* Assets.xcassets */,
				6F4E49551B7A7CDA00ED8ACD /* LaunchScreen.storyboard */,
				6F4E49581B7A7CDA00ED8ACD /* Info.plist */,
				6F4E49501B7A7CDA00ED8ACD /* DNApp.xcdatamodeld */,
			);
			path = DNApp;
			sourceTree = "<group>";
		};
		6F4E49601B7A7CDA00ED8ACD /* DNAppTests */ = {
			isa = PBXGroup;
			children = (
				6F4E49611B7A7CDA00ED8ACD /* DNAppTests.swift */,
				6F4E49631B7A7CDA00ED8ACD /* Info.plist */,
			);
			path = DNAppTests;
			sourceTree = "<group>";
		};
		6F4E496B1B7A7CDA00ED8ACD /* DNAppUITests */ = {
			isa = PBXGroup;
			children = (
				6F4E496C1B7A7CDA00ED8ACD /* DNAppUITests.swift */,
				6F4E496E1B7A7CDA00ED8ACD /* Info.plist */,
			);
			path = DNAppUITests;
			sourceTree = "<group>";
		};
		6F8AC4091B7FC240004D345F /* Controllers */ = {
			isa = PBXGroup;
			children = (
				6F8B28541B809F16009E5D12 /* LearnViewController.swift */,
				6F4E494B1B7A7CDA00ED8ACD /* ViewController.swift */,
				6F8AC40A1B7FC2F0004D345F /* LoginViewController.swift */,
			);
			name = Controllers;
			sourceTree = "<group>";
		};
		6FAF882C1B7BC6DC00244D76 /* Spring */ = {
			isa = PBXGroup;
			children = (
				6FAF882D1B7BC6DC00244D76 /* AsyncButton.swift */,
				6FAF882E1B7BC6DC00244D76 /* AsyncImageView.swift */,
				6FAF882F1B7BC6DC00244D76 /* AutoTextView.swift */,
				6FAF88301B7BC6DC00244D76 /* BlurView.swift */,
				6FAF88311B7BC6DC00244D76 /* DesignableButton.swift */,
				6FAF88321B7BC6DC00244D76 /* DesignableImageView.swift */,
				6FAF88331B7BC6DC00244D76 /* DesignableLabel.swift */,
				6FAF88341B7BC6DC00244D76 /* DesignableTabBarController.swift */,
				6FAF88351B7BC6DC00244D76 /* DesignableTextField.swift */,
				6FAF88361B7BC6DC00244D76 /* DesignableTextView.swift */,
				6FAF88371B7BC6DC00244D76 /* DesignableView.swift */,
				6FAF88381B7BC6DC00244D76 /* ImageLoader.swift */,
				6FAF88391B7BC6DD00244D76 /* Info.plist */,
				6FAF883A1B7BC6DD00244D76 /* KeyboardLayoutConstraint.swift */,
				6FAF883B1B7BC6DD00244D76 /* LoadingView.swift */,
				6FAF883C1B7BC6DD00244D76 /* LoadingView.xib */,
				6FAF883D1B7BC6DD00244D76 /* Misc.swift */,
				6FAF883E1B7BC6DD00244D76 /* SoundPlayer.swift */,
				6FAF883F1B7BC6DD00244D76 /* Spring.h */,
				6FAF88401B7BC6DD00244D76 /* Spring.swift */,
				6FAF88411B7BC6DD00244D76 /* SpringAnimation.swift */,
				6FAF88421B7BC6DD00244D76 /* SpringButton.swift */,
				6FAF88431B7BC6DD00244D76 /* SpringImageView.swift */,
				6FAF88441B7BC6DD00244D76 /* SpringLabel.swift */,
				6FAF88451B7BC6DD00244D76 /* SpringTextField.swift */,
				6FAF88461B7BC6DD00244D76 /* SpringTextView.swift */,
				6FAF88471B7BC6DD00244D76 /* SpringView.swift */,
				6FAF88481B7BC6DD00244D76 /* TransitionManager.swift */,
				6FAF88491B7BC6DD00244D76 /* TransitionZoom.swift */,
				6FAF884A1B7BC6DD00244D76 /* UnwindSegue.swift */,
			);
			path = Spring;
			sourceTree = "<group>";
		};
/* End PBXGroup section */

/* Begin PBXNativeTarget section */
		6F4E49451B7A7CDA00ED8ACD /* DNApp */ = {
			isa = PBXNativeTarget;
			buildConfigurationList = 6F4E49711B7A7CDA00ED8ACD /* Build configuration list for PBXNativeTarget "DNApp" */;
			buildPhases = (
				6F4E49421B7A7CDA00ED8ACD /* Sources */,
				6F4E49431B7A7CDA00ED8ACD /* Frameworks */,
				6F4E49441B7A7CDA00ED8ACD /* Resources */,
			);
			buildRules = (
			);
			dependencies = (
			);
			name = DNApp;
			productName = DNApp;
			productReference = 6F4E49461B7A7CDA00ED8ACD /* DNApp.app */;
			productType = "com.apple.product-type.application";
		};
		6F4E495C1B7A7CDA00ED8ACD /* DNAppTests */ = {
			isa = PBXNativeTarget;
			buildConfigurationList = 6F4E49741B7A7CDA00ED8ACD /* Build configuration list for PBXNativeTarget "DNAppTests" */;
			buildPhases = (
				6F4E49591B7A7CDA00ED8ACD /* Sources */,
				6F4E495A1B7A7CDA00ED8ACD /* Frameworks */,
				6F4E495B1B7A7CDA00ED8ACD /* Resources */,
			);
			buildRules = (
			);
			dependencies = (
				6F4E495F1B7A7CDA00ED8ACD /* PBXTargetDependency */,
			);
			name = DNAppTests;
			productName = DNAppTests;
			productReference = 6F4E495D1B7A7CDA00ED8ACD /* DNAppTests.xctest */;
			productType = "com.apple.product-type.bundle.unit-test";
		};
		6F4E49671B7A7CDA00ED8ACD /* DNAppUITests */ = {
			isa = PBXNativeTarget;
			buildConfigurationList = 6F4E49771B7A7CDA00ED8ACD /* Build configuration list for PBXNativeTarget "DNAppUITests" */;
			buildPhases = (
				6F4E49641B7A7CDA00ED8ACD /* Sources */,
				6F4E49651B7A7CDA00ED8ACD /* Frameworks */,
				6F4E49661B7A7CDA00ED8ACD /* Resources */,
			);
			buildRules = (
			);
			dependencies = (
				6F4E496A1B7A7CDA00ED8ACD /* PBXTargetDependency */,
			);
			name = DNAppUITests;
			productName = DNAppUITests;
			productReference = 6F4E49681B7A7CDA00ED8ACD /* DNAppUITests.xctest */;
			productType = "com.apple.product-type.bundle.ui-testing";
		};
/* End PBXNativeTarget section */

/* Begin PBXProject section */
		6F4E493E1B7A7CDA00ED8ACD /* Project object */ = {
			isa = PBXProject;
			attributes = {
				LastUpgradeCheck = 0700;
				ORGANIZATIONNAME = "Karlis Berzins";
				TargetAttributes = {
					6F4E49451B7A7CDA00ED8ACD = {
						CreatedOnToolsVersion = 7.0;
						DevelopmentTeam = DX3TWD8RW8;
					};
					6F4E495C1B7A7CDA00ED8ACD = {
						CreatedOnToolsVersion = 7.0;
						TestTargetID = 6F4E49451B7A7CDA00ED8ACD;
					};
					6F4E49671B7A7CDA00ED8ACD = {
						CreatedOnToolsVersion = 7.0;
						TestTargetID = 6F4E49451B7A7CDA00ED8ACD;
					};
				};
			};
			buildConfigurationList = 6F4E49411B7A7CDA00ED8ACD /* Build configuration list for PBXProject "DNApp" */;
			compatibilityVersion = "Xcode 3.2";
			developmentRegion = English;
			hasScannedForEncodings = 0;
			knownRegions = (
				en,
				Base,
			);
			mainGroup = 6F4E493D1B7A7CDA00ED8ACD;
			productRefGroup = 6F4E49471B7A7CDA00ED8ACD /* Products */;
			projectDirPath = "";
			projectRoot = "";
			targets = (
				6F4E49451B7A7CDA00ED8ACD /* DNApp */,
				6F4E495C1B7A7CDA00ED8ACD /* DNAppTests */,
				6F4E49671B7A7CDA00ED8ACD /* DNAppUITests */,
			);
		};
/* End PBXProject section */

/* Begin PBXResourcesBuildPhase section */
		6F4E49441B7A7CDA00ED8ACD /* Resources */ = {
			isa = PBXResourcesBuildPhase;
			buildActionMask = 2147483647;
			files = (
				6FAF88571B7BC6DD00244D76 /* Info.plist in Resources */,
				6F4E49571B7A7CDA00ED8ACD /* LaunchScreen.storyboard in Resources */,
				6F4E49541B7A7CDA00ED8ACD /* Assets.xcassets in Resources */,
				6F4E494F1B7A7CDA00ED8ACD /* Main.storyboard in Resources */,
				6FAF885A1B7BC6DD00244D76 /* LoadingView.xib in Resources */,
			);
			runOnlyForDeploymentPostprocessing = 0;
		};
		6F4E495B1B7A7CDA00ED8ACD /* Resources */ = {
			isa = PBXResourcesBuildPhase;
			buildActionMask = 2147483647;
			files = (
			);
			runOnlyForDeploymentPostprocessing = 0;
		};
		6F4E49661B7A7CDA00ED8ACD /* Resources */ = {
			isa = PBXResourcesBuildPhase;
			buildActionMask = 2147483647;
			files = (
			);
			runOnlyForDeploymentPostprocessing = 0;
		};
/* End PBXResourcesBuildPhase section */

/* Begin PBXSourcesBuildPhase section */
		6F4E49421B7A7CDA00ED8ACD /* Sources */ = {
			isa = PBXSourcesBuildPhase;
			buildActionMask = 2147483647;
			files = (
				6FAF88511B7BC6DD00244D76 /* DesignableLabel.swift in Sources */,
				6FAF88601B7BC6DD00244D76 /* SpringImageView.swift in Sources */,
				6FAF884D1B7BC6DD00244D76 /* AutoTextView.swift in Sources */,
				6FAF88561B7BC6DD00244D76 /* ImageLoader.swift in Sources */,
				6FAF885B1B7BC6DD00244D76 /* Misc.swift in Sources */,
				6F8B28551B809F16009E5D12 /* LearnViewController.swift in Sources */,
				6FAF884E1B7BC6DD00244D76 /* BlurView.swift in Sources */,
				6FAF88671B7BC6DD00244D76 /* UnwindSegue.swift in Sources */,
				6FAF88591B7BC6DD00244D76 /* LoadingView.swift in Sources */,
				6FAF88621B7BC6DD00244D76 /* SpringTextField.swift in Sources */,
				6FAF885D1B7BC6DD00244D76 /* Spring.swift in Sources */,
				6F4E494C1B7A7CDA00ED8ACD /* ViewController.swift in Sources */,
				6FAF885C1B7BC6DD00244D76 /* SoundPlayer.swift in Sources */,
				6FAF88551B7BC6DD00244D76 /* DesignableView.swift in Sources */,
				6F8AC40B1B7FC2F0004D345F /* LoginViewController.swift in Sources */,
				6FAF88521B7BC6DD00244D76 /* DesignableTabBarController.swift in Sources */,
				6FAF884F1B7BC6DD00244D76 /* DesignableButton.swift in Sources */,
				6F4E49521B7A7CDA00ED8ACD /* DNApp.xcdatamodeld in Sources */,
				6FAF88661B7BC6DD00244D76 /* TransitionZoom.swift in Sources */,
				6FAF88531B7BC6DD00244D76 /* DesignableTextField.swift in Sources */,
				6FAF88651B7BC6DD00244D76 /* TransitionManager.swift in Sources */,
				6FAF88611B7BC6DD00244D76 /* SpringLabel.swift in Sources */,
				6FAF884B1B7BC6DD00244D76 /* AsyncButton.swift in Sources */,
				6FAF884C1B7BC6DD00244D76 /* AsyncImageView.swift in Sources */,
				6FAF88541B7BC6DD00244D76 /* DesignableTextView.swift in Sources */,
				6FAF88641B7BC6DD00244D76 /* SpringView.swift in Sources */,
				6FAF88631B7BC6DD00244D76 /* SpringTextView.swift in Sources */,
				6FAF88581B7BC6DD00244D76 /* KeyboardLayoutConstraint.swift in Sources */,
				6FAF885F1B7BC6DD00244D76 /* SpringButton.swift in Sources */,
				6FAF885E1B7BC6DD00244D76 /* SpringAnimation.swift in Sources */,
				6FAF88501B7BC6DD00244D76 /* DesignableImageView.swift in Sources */,
				6F4E494A1B7A7CDA00ED8ACD /* AppDelegate.swift in Sources */,
			);
			runOnlyForDeploymentPostprocessing = 0;
		};
		6F4E49591B7A7CDA00ED8ACD /* Sources */ = {
			isa = PBXSourcesBuildPhase;
			buildActionMask = 2147483647;
			files = (
				6F4E49621B7A7CDA00ED8ACD /* DNAppTests.swift in Sources */,
			);
			runOnlyForDeploymentPostprocessing = 0;
		};
		6F4E49641B7A7CDA00ED8ACD /* Sources */ = {
			isa = PBXSourcesBuildPhase;
			buildActionMask = 2147483647;
			files = (
				6F4E496D1B7A7CDA00ED8ACD /* DNAppUITests.swift in Sources */,
			);
			runOnlyForDeploymentPostprocessing = 0;
		};
/* End PBXSourcesBuildPhase section */

/* Begin PBXTargetDependency section */
		6F4E495F1B7A7CDA00ED8ACD /* PBXTargetDependency */ = {
			isa = PBXTargetDependency;
			target = 6F4E49451B7A7CDA00ED8ACD /* DNApp */;
			targetProxy = 6F4E495E1B7A7CDA00ED8ACD /* PBXContainerItemProxy */;
		};
		6F4E496A1B7A7CDA00ED8ACD /* PBXTargetDependency */ = {
			isa = PBXTargetDependency;
			target = 6F4E49451B7A7CDA00ED8ACD /* DNApp */;
			targetProxy = 6F4E49691B7A7CDA00ED8ACD /* PBXContainerItemProxy */;
		};
/* End PBXTargetDependency section */

/* Begin PBXVariantGroup section */
		6F4E494D1B7A7CDA00ED8ACD /* Main.storyboard */ = {
			isa = PBXVariantGroup;
			children = (
				6F4E494E1B7A7CDA00ED8ACD /* Base */,
			);
			name = Main.storyboard;
			sourceTree = "<group>";
		};
		6F4E49551B7A7CDA00ED8ACD /* LaunchScreen.storyboard */ = {
			isa = PBXVariantGroup;
			children = (
				6F4E49561B7A7CDA00ED8ACD /* Base */,
			);
			name = LaunchScreen.storyboard;
			sourceTree = "<group>";
		};
/* End PBXVariantGroup section */

/* Begin XCBuildConfiguration section */
		6F4E496F1B7A7CDA00ED8ACD /* Debug */ = {
			isa = XCBuildConfiguration;
			buildSettings = {
				ALWAYS_SEARCH_USER_PATHS = NO;
				CLANG_CXX_LANGUAGE_STANDARD = "gnu++0x";
				CLANG_CXX_LIBRARY = "libc++";
				CLANG_ENABLE_MODULES = YES;
				CLANG_ENABLE_OBJC_ARC = YES;
				CLANG_WARN_BOOL_CONVERSION = YES;
				CLANG_WARN_CONSTANT_CONVERSION = YES;
				CLANG_WARN_DIRECT_OBJC_ISA_USAGE = YES_ERROR;
				CLANG_WARN_EMPTY_BODY = YES;
				CLANG_WARN_ENUM_CONVERSION = YES;
				CLANG_WARN_INT_CONVERSION = YES;
				CLANG_WARN_OBJC_ROOT_CLASS = YES_ERROR;
				CLANG_WARN_UNREACHABLE_CODE = YES;
				CLANG_WARN__DUPLICATE_METHOD_MATCH = YES;
				"CODE_SIGN_IDENTITY[sdk=iphoneos*]" = "iPhone Developer";
				COPY_PHASE_STRIP = NO;
				DEBUG_INFORMATION_FORMAT = dwarf;
				ENABLE_STRICT_OBJC_MSGSEND = YES;
				ENABLE_TESTABILITY = YES;
				GCC_C_LANGUAGE_STANDARD = gnu99;
				GCC_DYNAMIC_NO_PIC = NO;
				GCC_NO_COMMON_BLOCKS = YES;
				GCC_OPTIMIZATION_LEVEL = 0;
				GCC_PREPROCESSOR_DEFINITIONS = (
					"DEBUG=1",
					"$(inherited)",
				);
				GCC_WARN_64_TO_32_BIT_CONVERSION = YES;
				GCC_WARN_ABOUT_RETURN_TYPE = YES_ERROR;
				GCC_WARN_UNDECLARED_SELECTOR = YES;
				GCC_WARN_UNINITIALIZED_AUTOS = YES_AGGRESSIVE;
				GCC_WARN_UNUSED_FUNCTION = YES;
				GCC_WARN_UNUSED_VARIABLE = YES;
				IPHONEOS_DEPLOYMENT_TARGET = 9.0;
				MTL_ENABLE_DEBUG_INFO = YES;
				ONLY_ACTIVE_ARCH = YES;
				SDKROOT = iphoneos;
				SWIFT_OPTIMIZATION_LEVEL = "-Onone";
			};
			name = Debug;
		};
		6F4E49701B7A7CDA00ED8ACD /* Release */ = {
			isa = XCBuildConfiguration;
			buildSettings = {
				ALWAYS_SEARCH_USER_PATHS = NO;
				CLANG_CXX_LANGUAGE_STANDARD = "gnu++0x";
				CLANG_CXX_LIBRARY = "libc++";
				CLANG_ENABLE_MODULES = YES;
				CLANG_ENABLE_OBJC_ARC = YES;
				CLANG_WARN_BOOL_CONVERSION = YES;
				CLANG_WARN_CONSTANT_CONVERSION = YES;
				CLANG_WARN_DIRECT_OBJC_ISA_USAGE = YES_ERROR;
				CLANG_WARN_EMPTY_BODY = YES;
				CLANG_WARN_ENUM_CONVERSION = YES;
				CLANG_WARN_INT_CONVERSION = YES;
				CLANG_WARN_OBJC_ROOT_CLASS = YES_ERROR;
				CLANG_WARN_UNREACHABLE_CODE = YES;
				CLANG_WARN__DUPLICATE_METHOD_MATCH = YES;
				"CODE_SIGN_IDENTITY[sdk=iphoneos*]" = "iPhone Developer";
				COPY_PHASE_STRIP = NO;
				DEBUG_INFORMATION_FORMAT = "dwarf-with-dsym";
				ENABLE_NS_ASSERTIONS = NO;
				ENABLE_STRICT_OBJC_MSGSEND = YES;
				GCC_C_LANGUAGE_STANDARD = gnu99;
				GCC_NO_COMMON_BLOCKS = YES;
				GCC_WARN_64_TO_32_BIT_CONVERSION = YES;
				GCC_WARN_ABOUT_RETURN_TYPE = YES_ERROR;
				GCC_WARN_UNDECLARED_SELECTOR = YES;
				GCC_WARN_UNINITIALIZED_AUTOS = YES_AGGRESSIVE;
				GCC_WARN_UNUSED_FUNCTION = YES;
				GCC_WARN_UNUSED_VARIABLE = YES;
				IPHONEOS_DEPLOYMENT_TARGET = 9.0;
				MTL_ENABLE_DEBUG_INFO = NO;
				SDKROOT = iphoneos;
				VALIDATE_PRODUCT = YES;
			};
			name = Release;
		};
		6F4E49721B7A7CDA00ED8ACD /* Debug */ = {
			isa = XCBuildConfiguration;
			buildSettings = {
				ASSETCATALOG_COMPILER_APPICON_NAME = AppIcon;
				CODE_SIGN_IDENTITY = "iPhone Developer";
				INFOPLIST_FILE = DNApp/Info.plist;
				LD_RUNPATH_SEARCH_PATHS = "$(inherited) @executable_path/Frameworks";
				PRODUCT_BUNDLE_IDENTIFIER = karlis.learning.DNApp;
				PRODUCT_NAME = "$(TARGET_NAME)";
			};
			name = Debug;
		};
		6F4E49731B7A7CDA00ED8ACD /* Release */ = {
			isa = XCBuildConfiguration;
			buildSettings = {
				ASSETCATALOG_COMPILER_APPICON_NAME = AppIcon;
				CODE_SIGN_IDENTITY = "iPhone Developer";
				INFOPLIST_FILE = DNApp/Info.plist;
				LD_RUNPATH_SEARCH_PATHS = "$(inherited) @executable_path/Frameworks";
				PRODUCT_BUNDLE_IDENTIFIER = karlis.learning.DNApp;
				PRODUCT_NAME = "$(TARGET_NAME)";
			};
			name = Release;
		};
		6F4E49751B7A7CDA00ED8ACD /* Debug */ = {
			isa = XCBuildConfiguration;
			buildSettings = {
				BUNDLE_LOADER = "$(TEST_HOST)";
				INFOPLIST_FILE = DNAppTests/Info.plist;
				LD_RUNPATH_SEARCH_PATHS = "$(inherited) @executable_path/Frameworks @loader_path/Frameworks";
				PRODUCT_BUNDLE_IDENTIFIER = karlis.learning.DNAppTests;
				PRODUCT_NAME = "$(TARGET_NAME)";
				TEST_HOST = "$(BUILT_PRODUCTS_DIR)/DNApp.app/DNApp";
			};
			name = Debug;
		};
		6F4E49761B7A7CDA00ED8ACD /* Release */ = {
			isa = XCBuildConfiguration;
			buildSettings = {
				BUNDLE_LOADER = "$(TEST_HOST)";
				INFOPLIST_FILE = DNAppTests/Info.plist;
				LD_RUNPATH_SEARCH_PATHS = "$(inherited) @executable_path/Frameworks @loader_path/Frameworks";
				PRODUCT_BUNDLE_IDENTIFIER = karlis.learning.DNAppTests;
				PRODUCT_NAME = "$(TARGET_NAME)";
				TEST_HOST = "$(BUILT_PRODUCTS_DIR)/DNApp.app/DNApp";
			};
			name = Release;
		};
		6F4E49781B7A7CDA00ED8ACD /* Debug */ = {
			isa = XCBuildConfiguration;
			buildSettings = {
				INFOPLIST_FILE = DNAppUITests/Info.plist;
				LD_RUNPATH_SEARCH_PATHS = "$(inherited) @executable_path/Frameworks @loader_path/Frameworks";
				PRODUCT_BUNDLE_IDENTIFIER = karlis.learning.DNAppUITests;
				PRODUCT_NAME = "$(TARGET_NAME)";
				TEST_TARGET_NAME = DNApp;
				USES_XCTRUNNER = YES;
			};
			name = Debug;
		};
		6F4E49791B7A7CDA00ED8ACD /* Release */ = {
			isa = XCBuildConfiguration;
			buildSettings = {
				INFOPLIST_FILE = DNAppUITests/Info.plist;
				LD_RUNPATH_SEARCH_PATHS = "$(inherited) @executable_path/Frameworks @loader_path/Frameworks";
				PRODUCT_BUNDLE_IDENTIFIER = karlis.learning.DNAppUITests;
				PRODUCT_NAME = "$(TARGET_NAME)";
				TEST_TARGET_NAME = DNApp;
				USES_XCTRUNNER = YES;
			};
			name = Release;
		};
/* End XCBuildConfiguration section */

/* Begin XCConfigurationList section */
		6F4E49411B7A7CDA00ED8ACD /* Build configuration list for PBXProject "DNApp" */ = {
			isa = XCConfigurationList;
			buildConfigurations = (
				6F4E496F1B7A7CDA00ED8ACD /* Debug */,
				6F4E49701B7A7CDA00ED8ACD /* Release */,
			);
			defaultConfigurationIsVisible = 0;
			defaultConfigurationName = Release;
		};
		6F4E49711B7A7CDA00ED8ACD /* Build configuration list for PBXNativeTarget "DNApp" */ = {
			isa = XCConfigurationList;
			buildConfigurations = (
				6F4E49721B7A7CDA00ED8ACD /* Debug */,
				6F4E49731B7A7CDA00ED8ACD /* Release */,
			);
			defaultConfigurationIsVisible = 0;
			defaultConfigurationName = Release;
		};
		6F4E49741B7A7CDA00ED8ACD /* Build configuration list for PBXNativeTarget "DNAppTests" */ = {
			isa = XCConfigurationList;
			buildConfigurations = (
				6F4E49751B7A7CDA00ED8ACD /* Debug */,
				6F4E49761B7A7CDA00ED8ACD /* Release */,
			);
			defaultConfigurationIsVisible = 0;
			defaultConfigurationName = Release;
		};
		6F4E49771B7A7CDA00ED8ACD /* Build configuration list for PBXNativeTarget "DNAppUITests" */ = {
			isa = XCConfigurationList;
			buildConfigurations = (
				6F4E49781B7A7CDA00ED8ACD /* Debug */,
				6F4E49791B7A7CDA00ED8ACD /* Release */,
			);
			defaultConfigurationIsVisible = 0;
			defaultConfigurationName = Release;
		};
/* End XCConfigurationList section */

/* Begin XCVersionGroup section */
		6F4E49501B7A7CDA00ED8ACD /* DNApp.xcdatamodeld */ = {
			isa = XCVersionGroup;
			children = (
				6F4E49511B7A7CDA00ED8ACD /* DNApp.xcdatamodel */,
			);
			currentVersion = 6F4E49511B7A7CDA00ED8ACD /* DNApp.xcdatamodel */;
			path = DNApp.xcdatamodeld;
			sourceTree = "<group>";
			versionGroupType = wrapper.xcdatamodel;
		};
/* End XCVersionGroup section */
	};
	rootObject = 6F4E493E1B7A7CDA00ED8ACD /* Project object */;
}
